
Microsoft Visual Studio Solution File, Format Version 12.00
# Visual Studio 15
VisualStudioVersion = 15.0.27703.2035
MinimumVisualStudioVersion = 10.0.40219.1
Project("{FAE04EC0-301F-11D3-BF4B-00C04F79EFBC}") = "AcademyHomework", "AcademyHomework\AcademyHomework.csproj", "{60B5FFAD-4356-4691-94E0-9473534349D4}"
EndProject
Global
	GlobalSection(SolutionConfigurationPlatforms) = preSolution
		Debug|Any CPU = Debug|Any CPU
		Release|Any CPU = Release|Any CPU
	EndGlobalSection
	GlobalSection(ProjectConfigurationPlatforms) = postSolution
		{60B5FFAD-4356-4691-94E0-9473534349D4}.Debug|Any CPU.ActiveCfg = Debug|Any CPU
		{60B5FFAD-4356-4691-94E0-9473534349D4}.Debug|Any CPU.Build.0 = Debug|Any CPU
		{60B5FFAD-4356-4691-94E0-9473534349D4}.Release|Any CPU.ActiveCfg = Release|Any CPU
		{60B5FFAD-4356-4691-94E0-9473534349D4}.Release|Any CPU.Build.0 = Release|Any CPU
	EndGlobalSection
	GlobalSection(SolutionProperties) = preSolution
		HideSolutionNode = FALSE
	EndGlobalSection
	GlobalSection(ExtensibilityGlobals) = postSolution
		SolutionGuid = {727635F9-5A1C-47F5-B225-0BB93466F8E9}
	EndGlobalSection
EndGlobal
